
Microsoft Visual Studio Solution File, Format Version 12.00
# Visual Studio Version 16
VisualStudioVersion = 16.0.29911.84
MinimumVisualStudioVersion = 10.0.40219.1
Project("{FAE04EC0-301F-11D3-BF4B-00C04F79EFBC}") = "FirstMVC-Application", "FirstMVC-Application\FirstMVC-Application.csproj", "{9D8FAC92-105B-4781-9358-A7BFE4F6509B}"
EndProject
Global
	GlobalSection(SolutionConfigurationPlatforms) = preSolution
		Debug|Any CPU = Debug|Any CPU
		Release|Any CPU = Release|Any CPU
	EndGlobalSection
	GlobalSection(ProjectConfigurationPlatforms) = postSolution
		{9D8FAC92-105B-4781-9358-A7BFE4F6509B}.Debug|Any CPU.ActiveCfg = Debug|Any CPU
		{9D8FAC92-105B-4781-9358-A7BFE4F6509B}.Debug|Any CPU.Build.0 = Debug|Any CPU
		{9D8FAC92-105B-4781-9358-A7BFE4F6509B}.Release|Any CPU.ActiveCfg = Release|Any CPU
		{9D8FAC92-105B-4781-9358-A7BFE4F6509B}.Release|Any CPU.Build.0 = Release|Any CPU
	EndGlobalSection
	GlobalSection(SolutionProperties) = preSolution
		HideSolutionNode = FALSE
	EndGlobalSection
	GlobalSection(ExtensibilityGlobals) = postSolution
		SolutionGuid = {20BECA9B-0D28-47A6-A083-8FB258BA3017}
	EndGlobalSection
EndGlobal
